<?xml version="1.0" encoding="utf-8"?>
<Project ToolsVersion="4.0" xmlns="http://schemas.microsoft.com/developer/msbuild/2003">
  <ItemGroup>
    <Filter Include="Source Files">
      <UniqueIdentifier>{4FC737F1-C7A5-4376-A066-2A32D752A2FF}</UniqueIdentifier>
      <Extensions>cpp;c;cc;cxx;def;odl;idl;hpj;bat;asm;asmx</Extensions>
    </Filter>
    <Filter Include="Header Files">
      <UniqueIdentifier>{93995380-89BD-4b04-88EB-625FBE52EBFB}</UniqueIdentifier>
      <Extensions>h;hh;hpp;hxx;hm;inl;inc;ipp;xsd</Extensions>
    </Filter>
    <Filter Include="External Libraries">
      <UniqueIdentifier>{e1c005ca-d0ab-461d-b6ac-b5ecd7e3be76}</UniqueIdentifier>
    </Filter>
    <Filter Include="Header Files\HUD">
      <UniqueIdentifier>{564ef08e-ccaa-4d6e-ad12-a4e01c0807ef}</UniqueIdentifier>
    </Filter>
    <Filter Include="Header Files\Utilities">
      <UniqueIdentifier>{e4fb6243-f572-4b3a-afa2-d62f6206365a}</UniqueIdentifier>
    </Filter>
    <Filter Include="Header Files\Communication">
      <UniqueIdentifier>{e9444f36-734e-4a61-a4e9-54c74729391b}</UniqueIdentifier>
    </Filter>
    <Filter Include="Configuration">
      <UniqueIdentifier>{67DA6AB6-F800-4c08-8B7A-83BB121AAD01}</UniqueIdentifier>
      <Extensions>rc;ico;cur;bmp;dlg;rc2;rct;bin;rgs;gif;jpg;jpeg;jpe;resx;tiff;tif;png;wav;mfcribbon-ms</Extensions>
    </Filter>
  </ItemGroup>
  <ItemGroup>
    <ClCompile Include="Main.cpp">
      <Filter>Source Files</Filter>
    </ClCompile>
    <ClCompile Include="escapi.cpp">
      <Filter>External Libraries</Filter>
    </ClCompile>
  </ItemGroup>
  <ItemGroup>
    <ClInclude Include="Application.hpp">
      <Filter>Header Files</Filter>
    </ClInclude>
    <ClInclude Include="escapi.h">
      <Filter>External Libraries</Filter>
    </ClInclude>
    <ClInclude Include="Hud_Status.hpp">
      <Filter>Header Files\HUD</Filter>
    </ClInclude>
    <ClInclude Include="Hud_Roll.hpp">
      <Filter>Header Files\HUD</Filter>
    </ClInclude>
    <ClInclude Include="Hud_Compass.hpp">
      <Filter>Header Files\HUD</Filter>
    </ClInclude>
    <ClInclude Include="Hud_Canvas.hpp">
      <Filter>Header Files\HUD</Filter>
    </ClInclude>
    <ClInclude Include="Hud_Altitude.hpp">
      <Filter>Header Files\HUD</Filter>
    </ClInclude>
    <ClInclude Include="Functions.hpp">
      <Filter>Header Files\Utilities</Filter>
    </ClInclude>
    <ClInclude Include="Constants.hpp">
      <Filter>Header Files\Utilities</Filter>
    </ClInclude>
    <ClInclude Include="SerialPort.hpp">
      <Filter>Header Files\Communication</Filter>
    </ClInclude>
    <ClInclude Include="ResourceManager.hpp">
      <Filter>Header Files\Utilities</Filter>
    </ClInclude>
    <ClInclude Include="Camera.hpp">
      <Filter>Header Files</Filter>
    </ClInclude>
    <ClInclude Include="Protocol.hpp">
      <Filter>Header Files\Communication</Filter>
    </ClInclude>
    <ClInclude Include="CfgFile.hpp">
      <Filter>Header Files\Utilities</Filter>
    </ClInclude>
    <ClInclude Include="Log.hpp">
      <Filter>Header Files\Utilities</Filter>
    </ClInclude>
    <ClInclude Include="ScopedPtr.hpp">
      <Filter>Header Files\Utilities</Filter>
    </ClInclude>
    <ClInclude Include="Hud.hpp">
      <Filter>Header Files\HUD</Filter>
    </ClInclude>
    <ClInclude Include="Hud_TopBar.hpp">
      <Filter>Header Files\HUD</Filter>
    </ClInclude>
  </ItemGroup>
  <ItemGroup>
    <None Include="..\Debug\config\drone.ini">
      <Filter>Configuration</Filter>
    </None>
    <None Include="..\README">
      <Filter>Configuration</Filter>
    </None>
  </ItemGroup>
</Project>